[[package]]
name = "et-xmlfile"
version = "1.1.0"
description = "An implementation of lxml.xmlfile for the standard library"
category = "dev"
optional = false
python-versions = ">=3.6"

[[package]]
name = "fastavro"
version = "1.5.1"
description = "Fast read/write of AVRO files"
category = "main"
optional = true
python-versions = ">=3.7"

[package.extras]
codecs = ["lz4", "python-snappy", "zstandard"]
lz4 = ["lz4"]
snappy = ["python-snappy"]
zstandard = ["zstandard"]

[[package]]
name = "nose2"
version = "0.12.0"
description = "unittest2 with plugins, the successor to nose"
category = "dev"
optional = false
python-versions = "*"

[package.extras]
coverage_plugin = ["coverage"]
dev = ["Sphinx", "mock", "sphinx-issues", "sphinx-rtd-theme"]

[[package]]
name = "numpy"
version = "1.23.4"
description = "NumPy is the fundamental package for array computing with Python."
category = "main"
optional = false
python-versions = ">=3.8"

[[package]]
name = "openpyxl"
version = "3.0.10"
description = "A Python library to read/write Excel 2010 xlsx/xlsm files"
category = "dev"
optional = false
python-versions = ">=3.6"

[package.dependencies]
et-xmlfile = "*"

[[package]]
name = "pandas"
version = "1.5.1"
description = "Powerful data structures for data analysis, time series, and statistics"
category = "main"
optional = false
python-versions = ">=3.8"

[package.dependencies]
numpy = [
    {version = ">=1.21.0", markers = "python_version >= \"3.10\""},
    {version = ">=1.20.3", markers = "python_version < \"3.10\""},
]
python-dateutil = ">=2.8.1"
pytz = ">=2020.1"

[package.extras]
test = ["hypothesis (>=5.5.3)", "pytest (>=6.0)", "pytest-xdist (>=1.31)"]

[[package]]
name = "pandavro"
version = "1.7.1"
description = "The interface between Avro and pandas DataFrame"
category = "main"
optional = true
python-versions = ">=3.6.1"

[package.dependencies]
fastavro = "1.5.1"
numpy = ">=1.15.4"
pandas = ">=1.1"

[package.extras]
tests = ["pytest (==7.1.2)"]

[[package]]
name = "pyarrow"
version = "9.0.0"
description = "Python library for Apache Arrow"
category = "main"
optional = true
python-versions = ">=3.7"

[package.dependencies]
numpy = ">=1.16.6"

[[package]]
name = "python-dateutil"
version = "2.8.2"
description = "Extensions to the standard Python datetime module"
category = "main"
optional = false
python-versions = "!=3.0.*,!=3.1.*,!=3.2.*,>=2.7"

[package.dependencies]
six = ">=1.5"

[[package]]
name = "pytz"
version = "2022.5"
description = "World timezone definitions, modern and historical"
category = "main"
optional = false
python-versions = "*"

[[package]]
name = "six"
version = "1.16.0"
description = "Python 2 and 3 compatibility utilities"
category = "main"
optional = false
python-versions = ">=2.7, !=3.0.*, !=3.1.*, !=3.2.*"

[[package]]
name = "typing-extensions"
version = "4.4.0"
description = "Backported and Experimental Type Hints for Python 3.7+"
category = "main"
optional = false
python-versions = ">=3.7"

[[package]]
name = "XlsxWriter"
version = "3.0.3"
description = "A Python module for creating Excel XLSX files."
category = "dev"
optional = false
python-versions = ">=3.4"

[extras]
all = ["pandavro", "pyarrow"]
avro = ["pandavro"]
extras = ["pandavro", "pyarrow"]
parquet = ["pyarrow"]

[metadata]
lock-version = "1.1"
python-versions = "^3.8"
content-hash = "34a05a6fb3399192bed34b5108df4a4898412eb43782cbb2a61ddc1facfc0603"

[metadata.files]
et-xmlfile = [
    {file = "et_xmlfile-1.1.0-py3-none-any.whl", hash = "sha256:a2ba85d1d6a74ef63837eed693bcb89c3f752169b0e3e7ae5b16ca5e1b3deada"},
    {file = "et_xmlfile-1.1.0.tar.gz", hash = "sha256:8eb9e2bc2f8c97e37a2dc85a09ecdcdec9d8a396530a6d5a33b30b9a92da0c5c"},
]
fastavro = [
    {file = "fastavro-1.5.1-cp310-cp310-macosx_10_14_x86_64.whl", hash = "sha256:920d170560198741fa196a62a97c220173339766e6c14369c5c68bfe8cdafa25"},
    {file = "fastavro-1.5.1-cp310-cp310-manylinux_2_17_x86_64.manylinux2014_x86_64.whl", hash = "sha256:0b00b1711511981c4e2dd4a27ba5ae20897fe41ec7ab52eda868626d445081e5"},
    {file = "fastavro-1.5.1-cp310-cp310-win_amd64.whl", hash = "sha256:04438b592980633ccf5d1de7798480a634ca581ae7575ab7671ba16773b6b428"},
    {file = "fastavro-1.5.1-cp37-cp37m-macosx_10_15_x86_64.whl", hash = "sha256:0ab92ab744f9172da0791bfad0495d785c7c4f5a68924e3c6c6b39b78b044b11"},
    {file = "fastavro-1.5.1-cp37-cp37m-manylinux_2_17_x86_64.manylinux2014_x86_64.whl", hash = "sha256:84ca1a60cecd710ead076585b56b954ab3e6e001d8e7384cb4ed20019b29e7a9"},
    {file = "fastavro-1.5.1-cp37-cp37m-win_amd64.whl", hash = "sha256:b5ff657c0d48553492d8356a30b6112fcc6db69adce6bba31135272bc9d87d82"},
    {file = "fastavro-1.5.1-cp38-cp38-macosx_10_15_x86_64.whl", hash = "sha256:0f1ed38042a2a90a7a5da170006459e73134f4c14f4fda9ebba99017adb1b14c"},
    {file = "fastavro-1.5.1-cp38-cp38-manylinux_2_17_x86_64.manylinux2014_x86_64.whl", hash = "sha256:df83ebdd7b67b52a37bc84c6e25f7056f756fb216c5c8e5c95ae1673fcbb6015"},
    {file = "fastavro-1.5.1-cp38-cp38-win_amd64.whl", hash = "sha256:0053347a92add6f448837ff00099b0a7200ec5dd58e173743d856d65d0574ddb"},
    {file = "fastavro-1.5.1-cp39-cp39-macosx_10_15_x86_64.whl", hash = "sha256:6b4f8551ccbe0c9b19867b8c93029e8cfe8fa3757245caae6228f35ef0656371"},
    {file = "fastavro-1.5.1-cp39-cp39-manylinux_2_17_x86_64.manylinux2014_x86_64.whl", hash = "sha256:ff241b5ce36df7af7461d001ca98fec6eacd56c4754c8ac7718e2d4b7b690a82"},
    {file = "fastavro-1.5.1-cp39-cp39-win_amd64.whl", hash = "sha256:fb3491c88e7962a6b820548ddd12b9c0f6296ebd2385a3021296f14bfe35189a"},
    {file = "fastavro-1.5.1.tar.gz", hash = "sha256:0815da740ced2261f90b0ddbb5bbe645e9c893c8f00e5dc8d30b8ec20f3c7fa9"},
]
nose2 = [
    {file = "nose2-0.12.0-py2.py3-none-any.whl", hash = "sha256:da7eb5e3cbe2abb693a053e17b4fbefca98ea9ea79fc729b0b0f41e8b4196304"},
    {file = "nose2-0.12.0.tar.gz", hash = "sha256:956e79b9bd558ee08b6200c05ad2c76465b7e3860c0c0537686089285c320113"},
]
numpy = [
    {file = "numpy-1.23.4-cp310-cp310-macosx_10_9_x86_64.whl", hash = "sha256:95d79ada05005f6f4f337d3bb9de8a7774f259341c70bc88047a1f7b96a4bcb2"},
    {file = "numpy-1.23.4-cp310-cp310-macosx_11_0_arm64.whl", hash = "sha256:926db372bc4ac1edf81cfb6c59e2a881606b409ddc0d0920b988174b2e2a767f"},
    {file = "numpy-1.23.4-cp310-cp310-manylinux_2_17_aarch64.manylinux2014_aarch64.whl", hash = "sha256:c237129f0e732885c9a6076a537e974160482eab8f10db6292e92154d4c67d71"},
    {file = "numpy-1.23.4-cp310-cp310-manylinux_2_17_x86_64.manylinux2014_x86_64.whl", hash = "sha256:a8365b942f9c1a7d0f0dc974747d99dd0a0cdfc5949a33119caf05cb314682d3"},
    {file = "numpy-1.23.4-cp310-cp310-win32.whl", hash = "sha256:2341f4ab6dba0834b685cce16dad5f9b6606ea8a00e6da154f5dbded70fdc4dd"},
    {file = "numpy-1.23.4-cp310-cp310-win_amd64.whl", hash = "sha256:d331afac87c92373826af83d2b2b435f57b17a5c74e6268b79355b970626e329"},
    {file = "numpy-1.23.4-cp311-cp311-macosx_10_9_x86_64.whl", hash = "sha256:488a66cb667359534bc70028d653ba1cf307bae88eab5929cd707c761ff037db"},
    {file = "numpy-1.23.4-cp311-cp311-macosx_11_0_arm64.whl", hash = "sha256:ce03305dd694c4873b9429274fd41fc7eb4e0e4dea07e0af97a933b079a5814f"},
    {file = "numpy-1.23.4-cp311-cp311-manylinux_2_17_aarch64.manylinux2014_aarch64.whl", hash = "sha256:8981d9b5619569899666170c7c9748920f4a5005bf79c72c07d08c8a035757b0"},
    {file = "numpy-1.23.4-cp311-cp311-manylinux_2_17_x86_64.manylinux2014_x86_64.whl", hash = "sha256:7a70a7d3ce4c0e9284e92285cba91a4a3f5214d87ee0e95928f3614a256a1488"},
    {file = "numpy-1.23.4-cp311-cp311-win32.whl", hash = "sha256:5e13030f8793e9ee42f9c7d5777465a560eb78fa7e11b1c053427f2ccab90c79"},
    {file = "numpy-1.23.4-cp311-cp311-win_amd64.whl", hash = "sha256:7607b598217745cc40f751da38ffd03512d33ec06f3523fb0b5f82e09f6f676d"},
    {file = "numpy-1.23.4-cp38-cp38-macosx_10_9_x86_64.whl", hash = "sha256:7ab46e4e7ec63c8a5e6dbf5c1b9e1c92ba23a7ebecc86c336cb7bf3bd2fb10e5"},
    {file = "numpy-1.23.4-cp38-cp38-macosx_11_0_arm64.whl", hash = "sha256:a8aae2fb3180940011b4862b2dd3756616841c53db9734b27bb93813cd79fce6"},
    {file = "numpy-1.23.4-cp38-cp38-manylinux_2_17_aarch64.manylinux2014_aarch64.whl", hash = "sha256:8c053d7557a8f022ec823196d242464b6955a7e7e5015b719e76003f63f82d0f"},
    {file = "numpy-1.23.4-cp38-cp38-manylinux_2_17_x86_64.manylinux2014_x86_64.whl", hash = "sha256:a0882323e0ca4245eb0a3d0a74f88ce581cc33aedcfa396e415e5bba7bf05f68"},
    {file = "numpy-1.23.4-cp38-cp38-win32.whl", hash = "sha256:dada341ebb79619fe00a291185bba370c9803b1e1d7051610e01ed809ef3a4ba"},
    {file = "numpy-1.23.4-cp38-cp38-win_amd64.whl", hash = "sha256:0fe563fc8ed9dc4474cbf70742673fc4391d70f4363f917599a7fa99f042d5a8"},
    {file = "numpy-1.23.4-cp39-cp39-macosx_10_9_x86_64.whl", hash = "sha256:c67b833dbccefe97cdd3f52798d430b9d3430396af7cdb2a0c32954c3ef73894"},
    {file = "numpy-1.23.4-cp39-cp39-macosx_11_0_arm64.whl", hash = "sha256:f76025acc8e2114bb664294a07ede0727aa75d63a06d2fae96bf29a81747e4a7"},
    {file = "numpy-1.23.4-cp39-cp39-manylinux_2_17_aarch64.manylinux2014_aarch64.whl", hash = "sha256:12ac457b63ec8ded85d85c1e17d85efd3c2b0967ca39560b307a35a6703a4735"},
    {file = "numpy-1.23.4-cp39-cp39-manylinux_2_17_x86_64.manylinux2014_x86_64.whl", hash = "sha256:95de7dc7dc47a312f6feddd3da2500826defdccbc41608d0031276a24181a2c0"},
    {file = "numpy-1.23.4-cp39-cp39-win32.whl", hash = "sha256:f2f390aa4da44454db40a1f0201401f9036e8d578a25f01a6e237cea238337ef"},
    {file = "numpy-1.23.4-cp39-cp39-win_amd64.whl", hash = "sha256:f260da502d7441a45695199b4e7fd8ca87db659ba1c78f2bbf31f934fe76ae0e"},
    {file = "numpy-1.23.4-pp38-pypy38_pp73-macosx_10_9_x86_64.whl", hash = "sha256:61be02e3bf810b60ab74e81d6d0d36246dbfb644a462458bb53b595791251911"},
    {file = "numpy-1.23.4-pp38-pypy38_pp73-manylinux_2_17_x86_64.manylinux2014_x86_64.whl", hash = "sha256:296d17aed51161dbad3c67ed6d164e51fcd18dbcd5dd4f9d0a9c6055dce30810"},
    {file = "numpy-1.23.4-pp38-pypy38_pp73-win_amd64.whl", hash = "sha256:4d52914c88b4930dafb6c48ba5115a96cbab40f45740239d9f4159c4ba779962"},
    {file = "numpy-1.23.4.tar.gz", hash = "sha256:ed2cc92af0efad20198638c69bb0fc2870a58dabfba6eb722c933b48556c686c"},
]
openpyxl = [
    {file = "openpyxl-3.0.10-py2.py3-none-any.whl", hash = "sha256:0ab6d25d01799f97a9464630abacbb34aafecdcaa0ef3cba6d6b3499867d0355"},
    {file = "openpyxl-3.0.10.tar.gz", hash = "sha256:e47805627aebcf860edb4edf7987b1309c1b3632f3750538ed962bbcc3bd7449"},
]
pandas = [
    {file = "pandas-1.5.1-cp310-cp310-macosx_10_9_universal2.whl", hash = "sha256:0a78e05ec09731c5b3bd7a9805927ea631fe6f6cb06f0e7c63191a9a778d52b4"},
    {file = "pandas-1.5.1-cp310-cp310-macosx_10_9_x86_64.whl", hash = "sha256:5b0c970e2215572197b42f1cff58a908d734503ea54b326412c70d4692256391"},
    {file = "pandas-1.5.1-cp310-cp310-macosx_11_0_arm64.whl", hash = "sha256:f340331a3f411910adfb4bbe46c2ed5872d9e473a783d7f14ecf49bc0869c594"},
    {file = "pandas-1.5.1-cp310-cp310-manylinux_2_17_aarch64.manylinux2014_aarch64.whl", hash = "sha256:d8c709f4700573deb2036d240d140934df7e852520f4a584b2a8d5443b71f54d"},
    {file = "pandas-1.5.1-cp310-cp310-manylinux_2_17_x86_64.manylinux2014_x86_64.whl", hash = "sha256:32e3d9f65606b3f6e76555bfd1d0b68d94aff0929d82010b791b6254bf5a4b96"},
    {file = "pandas-1.5.1-cp310-cp310-win_amd64.whl", hash = "sha256:a52419d9ba5906db516109660b114faf791136c94c1a636ed6b29cbfff9187ee"},
    {file = "pandas-1.5.1-cp311-cp311-macosx_10_9_universal2.whl", hash = "sha256:66a1ad667b56e679e06ba73bb88c7309b3f48a4c279bd3afea29f65a766e9036"},
    {file = "pandas-1.5.1-cp311-cp311-macosx_10_9_x86_64.whl", hash = "sha256:36aa1f8f680d7584e9b572c3203b20d22d697c31b71189322f16811d4ecfecd3"},
    {file = "pandas-1.5.1-cp311-cp311-macosx_11_0_arm64.whl", hash = "sha256:bcf1a82b770b8f8c1e495b19a20d8296f875a796c4fe6e91da5ef107f18c5ecb"},
    {file = "pandas-1.5.1-cp311-cp311-manylinux_2_17_aarch64.manylinux2014_aarch64.whl", hash = "sha256:2c25e5c16ee5c0feb6cf9d982b869eec94a22ddfda9aa2fbed00842cbb697624"},
    {file = "pandas-1.5.1-cp311-cp311-manylinux_2_17_x86_64.manylinux2014_x86_64.whl", hash = "sha256:932d2d7d3cab44cfa275601c982f30c2d874722ef6396bb539e41e4dc4618ed4"},
    {file = "pandas-1.5.1-cp311-cp311-win_amd64.whl", hash = "sha256:eb7e8cf2cf11a2580088009b43de84cabbf6f5dae94ceb489f28dba01a17cb77"},
    {file = "pandas-1.5.1-cp38-cp38-macosx_10_9_universal2.whl", hash = "sha256:cb2a9cf1150302d69bb99861c5cddc9c25aceacb0a4ef5299785d0f5389a3209"},
    {file = "pandas-1.5.1-cp38-cp38-macosx_10_9_x86_64.whl", hash = "sha256:81f0674fa50b38b6793cd84fae5d67f58f74c2d974d2cb4e476d26eee33343d0"},
    {file = "pandas-1.5.1-cp38-cp38-macosx_11_0_arm64.whl", hash = "sha256:17da7035d9e6f9ea9cdc3a513161f8739b8f8489d31dc932bc5a29a27243f93d"},
    {file = "pandas-1.5.1-cp38-cp38-manylinux_2_17_aarch64.manylinux2014_aarch64.whl", hash = "sha256:669c8605dba6c798c1863157aefde959c1796671ffb342b80fcb80a4c0bc4c26"},
    {file = "pandas-1.5.1-cp38-cp38-manylinux_2_17_x86_64.manylinux2014_x86_64.whl", hash = "sha256:683779e5728ac9138406c59a11e09cd98c7d2c12f0a5fc2b9c5eecdbb4a00075"},
    {file = "pandas-1.5.1-cp38-cp38-win32.whl", hash = "sha256:ddf46b940ef815af4e542697eaf071f0531449407a7607dd731bf23d156e20a7"},
    {file = "pandas-1.5.1-cp38-cp38-win_amd64.whl", hash = "sha256:db45b94885000981522fb92349e6b76f5aee0924cc5315881239c7859883117d"},
    {file = "pandas-1.5.1-cp39-cp39-macosx_10_9_universal2.whl", hash = "sha256:927e59c694e039c75d7023465d311277a1fc29ed7236b5746e9dddf180393113"},
    {file = "pandas-1.5.1-cp39-cp39-macosx_10_9_x86_64.whl", hash = "sha256:e675f8fe9aa6c418dc8d3aac0087b5294c1a4527f1eacf9fe5ea671685285454"},
    {file = "pandas-1.5.1-cp39-cp39-macosx_11_0_arm64.whl", hash = "sha256:04e51b01d5192499390c0015630975f57836cc95c7411415b499b599b05c0c96"},
    {file = "pandas-1.5.1-cp39-cp39-manylinux_2_17_aarch64.manylinux2014_aarch64.whl", hash = "sha256:5cee0c74e93ed4f9d39007e439debcaadc519d7ea5c0afc3d590a3a7b2edf060"},
    {file = "pandas-1.5.1-cp39-cp39-manylinux_2_17_x86_64.manylinux2014_x86_64.whl", hash = "sha256:b156a971bc451c68c9e1f97567c94fd44155f073e3bceb1b0d195fd98ed12048"},
    {file = "pandas-1.5.1-cp39-cp39-win32.whl", hash = "sha256:05c527c64ee02a47a24031c880ee0ded05af0623163494173204c5b72ddce658"},
    {file = "pandas-1.5.1-cp39-cp39-win_amd64.whl", hash = "sha256:6bb391659a747cf4f181a227c3e64b6d197100d53da98dcd766cc158bdd9ec68"},
    {file = "pandas-1.5.1.tar.gz", hash = "sha256:249cec5f2a5b22096440bd85c33106b6102e0672204abd2d5c014106459804ee"},
]
pandavro = [
    {file = "pandavro-1.7.1.tar.gz", hash = "sha256:f71d50a4bc0706788e9e2721600778451dd1d19c7a52fe3aece4b4d9f93ebccf"},
]
pyarrow = [
    {file = "pyarrow-9.0.0-cp310-cp310-macosx_10_13_universal2.whl", hash = "sha256:767cafb14278165ad539a2918c14c1b73cf20689747c21375c38e3fe62884902"},
    {file = "pyarrow-9.0.0-cp310-cp310-macosx_10_13_x86_64.whl", hash = "sha256:0238998dc692efcb4e41ae74738d7c1234723271ccf520bd8312dca07d49ef8d"},
    {file = "pyarrow-9.0.0-cp310-cp310-macosx_10_9_x86_64.whl", hash = "sha256:55328348b9139c2b47450d512d716c2248fd58e2f04e2fc23a65e18726666d42"},
    {file = "pyarrow-9.0.0-cp310-cp310-macosx_11_0_arm64.whl", hash = "sha256:fc856628acd8d281652c15b6268ec7f27ebcb015abbe99d9baad17f02adc51f1"},
    {file = "pyarrow-9.0.0-cp310-cp310-manylinux_2_17_aarch64.manylinux2014_aarch64.whl", hash = "sha256:29eb3e086e2b26202f3a4678316b93cfb15d0e2ba20f3ec12db8fd9cc07cde63"},
    {file = "pyarrow-9.0.0-cp310-cp310-manylinux_2_17_x86_64.manylinux2014_x86_64.whl", hash = "sha256:2e753f8fcf07d8e3a0efa0c8bd51fef5c90281ffd4c5637c08ce42cd0ac297de"},
    {file = "pyarrow-9.0.0-cp310-cp310-win_amd64.whl", hash = "sha256:3eef8a981f45d89de403e81fb83b8119c20824caddf1404274e41a5d66c73806"},
    {file = "pyarrow-9.0.0-cp37-cp37m-macosx_10_13_x86_64.whl", hash = "sha256:7fa56cbd415cef912677270b8e41baad70cde04c6d8a8336eeb2aba85aa93706"},
    {file = "pyarrow-9.0.0-cp37-cp37m-macosx_10_9_x86_64.whl", hash = "sha256:f8c46bde1030d704e2796182286d1c56846552c50a39ad5bf5a20c0d8159fc35"},
    {file = "pyarrow-9.0.0-cp37-cp37m-manylinux_2_17_aarch64.manylinux2014_aarch64.whl", hash = "sha256:8ad430cee28ebc4d6661fc7315747c7a18ae2a74e67498dcb039e1c762a2fb67"},
    {file = "pyarrow-9.0.0-cp37-cp37m-manylinux_2_17_x86_64.manylinux2014_x86_64.whl", hash = "sha256:81a60bb291a964f63b2717fb1b28f6615ffab7e8585322bfb8a6738e6b321282"},
    {file = "pyarrow-9.0.0-cp37-cp37m-win_amd64.whl", hash = "sha256:9cef618159567d5f62040f2b79b1c7b38e3885f4ffad0ec97cd2d86f88b67cef"},
    {file = "pyarrow-9.0.0-cp38-cp38-macosx_10_13_x86_64.whl", hash = "sha256:5526a3bfb404ff6d31d62ea582cf2466c7378a474a99ee04d1a9b05de5264541"},
    {file = "pyarrow-9.0.0-cp38-cp38-macosx_10_9_x86_64.whl", hash = "sha256:da3e0f319509a5881867effd7024099fb06950a0768dad0d6873668bb88cfaba"},
    {file = "pyarrow-9.0.0-cp38-cp38-macosx_11_0_arm64.whl", hash = "sha256:2c715eca2092273dcccf6f08437371e04d112f9354245ba2fbe6c801879450b7"},
    {file = "pyarrow-9.0.0-cp38-cp38-manylinux_2_17_aarch64.manylinux2014_aarch64.whl", hash = "sha256:f11a645a41ee531c3a5edda45dea07c42267f52571f818d388971d33fc7e2d4a"},
    {file = "pyarrow-9.0.0-cp38-cp38-manylinux_2_17_x86_64.manylinux2014_x86_64.whl", hash = "sha256:a5b390bdcfb8c5b900ef543f911cdfec63e88524fafbcc15f83767202a4a2491"},
    {file = "pyarrow-9.0.0-cp38-cp38-win_amd64.whl", hash = "sha256:d9eb04db626fa24fdfb83c00f76679ca0d98728cdbaa0481b6402bf793a290c0"},
    {file = "pyarrow-9.0.0-cp39-cp39-macosx_10_13_universal2.whl", hash = "sha256:4eebdab05afa23d5d5274b24c1cbeb1ba017d67c280f7d39fd8a8f18cbad2ec9"},
    {file = "pyarrow-9.0.0-cp39-cp39-macosx_10_13_x86_64.whl", hash = "sha256:02b820ecd1da02012092c180447de449fc688d0c3f9ff8526ca301cdd60dacd0"},
    {file = "pyarrow-9.0.0-cp39-cp39-macosx_10_9_x86_64.whl", hash = "sha256:92f3977e901db1ef5cba30d6cc1d7942b8d94b910c60f89013e8f7bb86a86eef"},
    {file = "pyarrow-9.0.0-cp39-cp39-macosx_11_0_arm64.whl", hash = "sha256:f241bd488c2705df930eedfe304ada71191dcf67d6b98ceda0cc934fd2a8388e"},
    {file = "pyarrow-9.0.0-cp39-cp39-manylinux_2_17_aarch64.manylinux2014_aarch64.whl", hash = "sha256:1c5a073a930c632058461547e0bc572da1e724b17b6b9eb31a97da13f50cb6e0"},
    {file = "pyarrow-9.0.0-cp39-cp39-manylinux_2_17_x86_64.manylinux2014_x86_64.whl", hash = "sha256:f59bcd5217a3ae1e17870792f82b2ff92df9f3862996e2c78e156c13e56ff62e"},
    {file = "pyarrow-9.0.0-cp39-cp39-win_amd64.whl", hash = "sha256:fe2ce795fa1d95e4e940fe5661c3c58aee7181c730f65ac5dd8794a77228de59"},
    {file = "pyarrow-9.0.0.tar.gz", hash = "sha256:7fb02bebc13ab55573d1ae9bb5002a6d20ba767bf8569b52fce5301d42495ab7"},
]
python-dateutil = [
    {file = "python-dateutil-2.8.2.tar.gz", hash = "sha256:0123cacc1627ae19ddf3c27a5de5bd67ee4586fbdd6440d9748f8abb483d3e86"},
    {file = "python_dateutil-2.8.2-py2.py3-none-any.whl", hash = "sha256:961d03dc3453ebbc59dbdea9e4e11c5651520a876d0f4db161e8674aae935da9"},
]
pytz = [
    {file = "pytz-2022.5-py2.py3-none-any.whl", hash = "sha256:335ab46900b1465e714b4fda4963d87363264eb662aab5e65da039c25f1f5b22"},
    {file = "pytz-2022.5.tar.gz", hash = "sha256:c4d88f472f54d615e9cd582a5004d1e5f624854a6a27a6211591c251f22a6914"},
]
six = [
    {file = "six-1.16.0-py2.py3-none-any.whl", hash = "sha256:8abb2f1d86890a2dfb989f9a77cfcfd3e47c2a354b01111771326f8aa26e0254"},
    {file = "six-1.16.0.tar.gz", hash = "sha256:1e61c37477a1626458e36f7b1d82aa5c9b094fa4802892072e49de9c60c4c926"},
]
typing-extensions = [
    {file = "typing_extensions-4.4.0-py3-none-any.whl", hash = "sha256:16fa4864408f655d35ec496218b85f79b3437c829e93320c7c9215ccfd92489e"},
    {file = "typing_extensions-4.4.0.tar.gz", hash = "sha256:1511434bb92bf8dd198c12b1cc812e800d4181cfcb867674e0f8279cc93087aa"},
]
XlsxWriter = [
    {file = "XlsxWriter-3.0.3-py3-none-any.whl", hash = "sha256:df0aefe5137478d206847eccf9f114715e42aaea077e6a48d0e8a2152e983010"},
    {file = "XlsxWriter-3.0.3.tar.gz", hash = "sha256:e89f4a1d2fa2c9ea15cde77de95cd3fd8b0345d0efb3964623f395c8c4988b7f"},
]
